{
  "name": "immo-focus-dossier-712",
  "lockfileVersion": 3,
  "requires": true,
  "packages": {
    "": {
      "name": "immo-focus-dossier-712",
      "dependencies": {
        "@hpcc-js/wasm-graphviz": "1.29.1",
        "elkjs": "0.12.0"
      }
    },
    "node_modules/@hpcc-js/wasm-graphviz": {
      "version": "1.29.1",
      "resolved": "https://registry.npmjs.org/@hpcc-js/wasm-graphviz/-/wasm-graphviz-1.29.1.tgz",
      "integrity": "sha512-koAQL0wlryEMeBs4/cQC3GB5ziITv66gR9DU/SWYjjup+iQ+Nbjcqxeaef+sffN4F4cBYZ3P31B5z7+cbSABbw==",
      "license": "Apache-2.0"
    },
    "node_modules/elkjs": {
      "version": "0.12.0",
      "resolved": "https://registry.npmjs.org/elkjs/-/elkjs-0.12.0.tgz",
      "integrity": "sha512-YZcKynxVxYoKIOEpywEPwCFdg+BTbxQRNf3pbwdDCvc8O3kQD8bmIwSxKU1eOTVc4Xo+VG9Te+575mlfvOrhEQ==",
      "license": "EPL-2.0 OR GPL-3.0-or-later"
    }
  }
}
